# This file was autogenerated by Stack.
# You should not edit this file by hand.
# For more information, please see the documentation at:
#   https://docs.haskellstack.org/en/stable/lock_files

packages:
- completed:
    hackage: pandoc-types-1.22@sha256:15512ce011555ee720820f11cac0598317293406da5812337cbb1550d144e3bd,4071
    pantry-tree:
      size: 737
      sha256: 28e43150f4bb0d4d880cf92ade20fefcd8705ee95cfe4a1d0bb5efd320982a9d
  original:
    hackage: pandoc-types-1.22@sha256:15512ce011555ee720820f11cac0598317293406da5812337cbb1550d144e3bd,4071
snapshots:
- completed:
    size: 532177
    url: https://raw.githubusercontent.com/commercialhaskell/stackage-snapshots/master/lts/16/20.yaml
    sha256: 0e14ba5603f01e8496e8984fd84b545a012ca723f51a098c6c9d3694e404dc6d
  original:
    url: https://raw.githubusercontent.com/commercialhaskell/stackage-snapshots/master/lts/16/20.yaml
